github.com/Ortega-Dan/golang-stdin v1.1.0 h1:fLQR+M11posbFSGb2f5ibUdI0XX8NuXNG8nZQRnUK2Y=
github.com/Ortega-Dan/golang-stdin v1.1.0/go.mod h1:FUVELd51uOKqTg+2E5Mp4ChhlXlvCjpT01/hw1KNHQs=
github.com/Ortega-Dan/golang-stdin v1.2.0 h1:zZaahkcNn7YJeP+EhUPnsYGh0G1wkkckTGvZQ9Sy1s8=
github.com/Ortega-Dan/golang-stdin v1.2.0/go.mod h1:FUVELd51uOKqTg+2E5Mp4ChhlXlvCjpT01/hw1KNHQs=
golang.org/x/tour v0.1.0 h1:OWzbINRoGf1wwBhKdFDpYwM88NM0d1SL/Nj6PagS6YE=
golang.org/x/tour v0.1.0/go.mod h1:DUZC6G8mR1AXgXy73r8qt/G5RsefKIlSj6jBMc8b9Wc=
